// !$*UTF8*$!
{
	archiveVersion = 1;
	classes = {
	};
	objectVersion = 77;
	objects = {

/* Begin PBXBuildFile section */
		C79EC4142E0E476700B83088 /* HotKey in Frameworks */ = {isa = PBXBuildFile; productRef = C79EC4132E0E476700B83088 /* HotKey */; };
		C79EC4172E0E477D00B83088 /* KeyboardShortcuts in Frameworks */ = {isa = PBXBuildFile; productRef = C79EC4162E0E477D00B83088 /* KeyboardShortcuts */; };
/* End PBXBuildFile section */

/* Begin PBXContainerItemProxy section */
		C79EC3EA2E0E459E00B83088 /* PBXContainerItemProxy */ = {
			isa = PBXContainerItemProxy;
			containerPortal = C79EC3D32E0E459D00B83088 /* Project object */;
			proxyType = 1;
			remoteGlobalIDString = C79EC3DA2E0E459D00B83088;
			remoteInfo = ShareGo;
		};
		C79EC3F42E0E459E00B83088 /* PBXContainerItemProxy */ = {
			isa = PBXContainerItemProxy;
			containerPortal = C79EC3D32E0E459D00B83088 /* Project object */;
			proxyType = 1;
			remoteGlobalIDString = C79EC3DA2E0E459D00B83088;
			remoteInfo = ShareGo;
		};
/* End PBXContainerItemProxy section */

/* Begin PBXFileReference section */
		C79EC3DB2E0E459D00B83088 /* ShareGo.app */ = {isa = PBXFileReference; explicitFileType = wrapper.application; includeInIndex = 0; path = ShareGo.app; sourceTree = BUILT_PRODUCTS_DIR; };
		C79EC3E92E0E459E00B83088 /* ShareGoTests.xctest */ = {isa = PBXFileReference; explicitFileType = wrapper.cfbundle; includeInIndex = 0; path = ShareGoTests.xctest; sourceTree = BUILT_PRODUCTS_DIR; };
		C79EC3F32E0E459E00B83088 /* ShareGoUITests.xctest */ = {isa = PBXFileReference; explicitFileType = wrapper.cfbundle; includeInIndex = 0; path = ShareGoUITests.xctest; sourceTree = BUILT_PRODUCTS_DIR; };
/* End PBXFileReference section */

/* Begin PBXFileSystemSynchronizedRootGroup section */
		C79EC3DD2E0E459D00B83088 /* ShareGo */ = {
			isa = PBXFileSystemSynchronizedRootGroup;
			path = ShareGo;
			sourceTree = "<group>";
		};
		C79EC3EC2E0E459E00B83088 /* ShareGoTests */ = {
			isa = PBXFileSystemSynchronizedRootGroup;
			path = ShareGoTests;
			sourceTree = "<group>";
		};
		C79EC3F62E0E459E00B83088 /* ShareGoUITests */ = {
			isa = PBXFileSystemSynchronizedRootGroup;
			path = ShareGoUITests;
			sourceTree = "<group>";
		};
/* End PBXFileSystemSynchronizedRootGroup section */

/* Begin PBXFrameworksBuildPhase section */
		C79EC3D82E0E459D00B83088 /* Frameworks */ = {
			isa = PBXFrameworksBuildPhase;
			buildActionMask = 2147483647;
			files = (
				C79EC4142E0E476700B83088 /* HotKey in Frameworks */,
				C79EC4172E0E477D00B83088 /* KeyboardShortcuts in Frameworks */,
			);
			runOnlyForDeploymentPostprocessing = 0;
		};
		C79EC3E62E0E459E00B83088 /* Frameworks */ = {
			isa = PBXFrameworksBuildPhase;
			buildActionMask = 2147483647;
			files = (
			);
			runOnlyForDeploymentPostprocessing = 0;
		};
		C79EC3F02E0E459E00B83088 /* Frameworks */ = {
			isa = PBXFrameworksBuildPhase;
			buildActionMask = 2147483647;
			files = (
			);
			runOnlyForDeploymentPostprocessing = 0;
		};
/* End PBXFrameworksBuildPhase section */

/* Begin PBXGroup section */
		C79EC3D22E0E459D00B83088 = {
			isa = PBXGroup;
			children = (
				C79EC3DD2E0E459D00B83088 /* ShareGo */,
				C79EC3EC2E0E459E00B83088 /* ShareGoTests */,
				C79EC3F62E0E459E00B83088 /* ShareGoUITests */,
				C79EC3DC2E0E459D00B83088 /* Products */,
			);
			sourceTree = "<group>";
		};
		C79EC3DC2E0E459D00B83088 /* Products */ = {
			isa = PBXGroup;
			children = (
				C79EC3DB2E0E459D00B83088 /* ShareGo.app */,
				C79EC3E92E0E459E00B83088 /* ShareGoTests.xctest */,
				C79EC3F32E0E459E00B83088 /* ShareGoUITests.xctest */,
			);
			name = Products;
			sourceTree = "<group>";
		};
/* End PBXGroup section */

/* Begin PBXNativeTarget section */
		C79EC3DA2E0E459D00B83088 /* ShareGo */ = {
			isa = PBXNativeTarget;
			buildConfigurationList = C79EC3FD2E0E459E00B83088 /* Build configuration list for PBXNativeTarget "ShareGo" */;
			buildPhases = (
				C79EC3D72E0E459D00B83088 /* Sources */,
				C79EC3D82E0E459D00B83088 /* Frameworks */,
				C79EC3D92E0E459D00B83088 /* Resources */,
			);
			buildRules = (
			);
			dependencies = (
			);
			fileSystemSynchronizedGroups = (
				C79EC3DD2E0E459D00B83088 /* ShareGo */,
			);
			name = ShareGo;
			packageProductDependencies = (
				C79EC4132E0E476700B83088 /* HotKey */,
				C79EC4162E0E477D00B83088 /* KeyboardShortcuts */,
			);
			productName = ShareGo;
			productReference = C79EC3DB2E0E459D00B83088 /* ShareGo.app */;
			productType = "com.apple.product-type.application";
		};
		C79EC3E82E0E459E00B83088 /* ShareGoTests */ = {
			isa = PBXNativeTarget;
			buildConfigurationList = C79EC4002E0E459E00B83088 /* Build configuration list for PBXNativeTarget "ShareGoTests" */;
			buildPhases = (
				C79EC3E52E0E459E00B83088 /* Sources */,
				C79EC3E62E0E459E00B83088 /* Frameworks */,
				C79EC3E72E0E459E00B83088 /* Resources */,
			);
			buildRules = (
			);
			dependencies = (
				C79EC3EB2E0E459E00B83088 /* PBXTargetDependency */,
			);
			fileSystemSynchronizedGroups = (
				C79EC3EC2E0E459E00B83088 /* ShareGoTests */,
			);
			name = ShareGoTests;
			packageProductDependencies = (
			);
			productName = ShareGoTests;
			productReference = C79EC3E92E0E459E00B83088 /* ShareGoTests.xctest */;
			productType = "com.apple.product-type.bundle.unit-test";
		};
		C79EC3F22E0E459E00B83088 /* ShareGoUITests */ = {
			isa = PBXNativeTarget;
			buildConfigurationList = C79EC4032E0E459E00B83088 /* Build configuration list for PBXNativeTarget "ShareGoUITests" */;
			buildPhases = (
				C79EC3EF2E0E459E00B83088 /* Sources */,
				C79EC3F02E0E459E00B83088 /* Frameworks */,
				C79EC3F12E0E459E00B83088 /* Resources */,
			);
			buildRules = (
			);
			dependencies = (
				C79EC3F52E0E459E00B83088 /* PBXTargetDependency */,
			);
			fileSystemSynchronizedGroups = (
				C79EC3F62E0E459E00B83088 /* ShareGoUITests */,
			);
			name = ShareGoUITests;
			packageProductDependencies = (
			);
			productName = ShareGoUITests;
			productReference = C79EC3F32E0E459E00B83088 /* ShareGoUITests.xctest */;
			productType = "com.apple.product-type.bundle.ui-testing";
		};
/* End PBXNativeTarget section */

/* Begin PBXProject section */
		C79EC3D32E0E459D00B83088 /* Project object */ = {
			isa = PBXProject;
			attributes = {
				BuildIndependentTargetsInParallel = 1;
				LastSwiftUpdateCheck = 1640;
				LastUpgradeCheck = 1640;
				TargetAttributes = {
					C79EC3DA2E0E459D00B83088 = {
						CreatedOnToolsVersion = 16.4;
					};
					C79EC3E82E0E459E00B83088 = {
						CreatedOnToolsVersion = 16.4;
						TestTargetID = C79EC3DA2E0E459D00B83088;
					};
					C79EC3F22E0E459E00B83088 = {
						CreatedOnToolsVersion = 16.4;
						TestTargetID = C79EC3DA2E0E459D00B83088;
					};
				};
			};
			buildConfigurationList = C79EC3D62E0E459D00B83088 /* Build configuration list for PBXProject "ShareGo" */;
			developmentRegion = en;
			hasScannedForEncodings = 0;
			knownRegions = (
				en,
				Base,
			);
			mainGroup = C79EC3D22E0E459D00B83088;
			minimizedProjectReferenceProxies = 1;
			packageReferences = (
				C79EC4122E0E476700B83088 /* XCRemoteSwiftPackageReference "HotKey" */,
				C79EC4152E0E477D00B83088 /* XCRemoteSwiftPackageReference "KeyboardShortcuts" */,
			);
			preferredProjectObjectVersion = 77;
			productRefGroup = C79EC3DC2E0E459D00B83088 /* Products */;
			projectDirPath = "";
			projectRoot = "";
			targets = (
				C79EC3DA2E0E459D00B83088 /* ShareGo */,
				C79EC3E82E0E459E00B83088 /* ShareGoTests */,
				C79EC3F22E0E459E00B83088 /* ShareGoUITests */,
			);
		};
/* End PBXProject section */

/* Begin PBXResourcesBuildPhase section */
		C79EC3D92E0E459D00B83088 /* Resources */ = {
			isa = PBXResourcesBuildPhase;
			buildActionMask = 2147483647;
			files = (
			);
			runOnlyForDeploymentPostprocessing = 0;
		};
		C79EC3E72E0E459E00B83088 /* Resources */ = {
			isa = PBXResourcesBuildPhase;
			buildActionMask = 2147483647;
			files = (
			);
			runOnlyForDeploymentPostprocessing = 0;
		};
		C79EC3F12E0E459E00B83088 /* Resources */ = {
			isa = PBXResourcesBuildPhase;
			buildActionMask = 2147483647;
			files = (
			);
			runOnlyForDeploymentPostprocessing = 0;
		};
/* End PBXResourcesBuildPhase section */

/* Begin PBXSourcesBuildPhase section */
		C79EC3D72E0E459D00B83088 /* Sources */ = {
			isa = PBXSourcesBuildPhase;
			buildActionMask = 2147483647;
			files = (
			);
			runOnlyForDeploymentPostprocessing = 0;
		};
		C79EC3E52E0E459E00B83088 /* Sources */ = {
			isa = PBXSourcesBuildPhase;
			buildActionMask = 2147483647;
			files = (
			);
			runOnlyForDeploymentPostprocessing = 0;
		};
		C79EC3EF2E0E459E00B83088 /* Sources */ = {
			isa = PBXSourcesBuildPhase;
			buildActionMask = 2147483647;
			files = (
			);
			runOnlyForDeploymentPostprocessing = 0;
		};
/* End PBXSourcesBuildPhase section */

/* Begin PBXTargetDependency section */
		C79EC3EB2E0E459E00B83088 /* PBXTargetDependency */ = {
			isa = PBXTargetDependency;
			target = C79EC3DA2E0E459D00B83088 /* ShareGo */;
			targetProxy = C79EC3EA2E0E459E00B83088 /* PBXContainerItemProxy */;
		};
		C79EC3F52E0E459E00B83088 /* PBXTargetDependency */ = {
			isa = PBXTargetDependency;
			target = C79EC3DA2E0E459D00B83088 /* ShareGo */;
			targetProxy = C79EC3F42E0E459E00B83088 /* PBXContainerItemProxy */;
		};
/* End PBXTargetDependency section */

/* Begin XCBuildConfiguration section */
		C79EC3FB2E0E459E00B83088 /* Debug */ = {
			isa = XCBuildConfiguration;
			buildSettings = {
				ALWAYS_SEARCH_USER_PATHS = NO;
				ASSETCATALOG_COMPILER_GENERATE_SWIFT_ASSET_SYMBOL_EXTENSIONS = YES;
				CLANG_ANALYZER_NONNULL = YES;
				CLANG_ANALYZER_NUMBER_OBJECT_CONVERSION = YES_AGGRESSIVE;
				CLANG_CXX_LANGUAGE_STANDARD = "gnu++20";
				CLANG_ENABLE_MODULES = YES;
				CLANG_ENABLE_OBJC_ARC = YES;
				CLANG_ENABLE_OBJC_WEAK = YES;
				CLANG_WARN_BLOCK_CAPTURE_AUTORELEASING = YES;
				CLANG_WARN_BOOL_CONVERSION = YES;
				CLANG_WARN_COMMA = YES;
				CLANG_WARN_CONSTANT_CONVERSION = YES;
				CLANG_WARN_DEPRECATED_OBJC_IMPLEMENTATIONS = YES;
				CLANG_WARN_DIRECT_OBJC_ISA_USAGE = YES_ERROR;
				CLANG_WARN_DOCUMENTATION_COMMENTS = YES;
				CLANG_WARN_EMPTY_BODY = YES;
				CLANG_WARN_ENUM_CONVERSION = YES;
				CLANG_WARN_INFINITE_RECURSION = YES;
				CLANG_WARN_INT_CONVERSION = YES;
				CLANG_WARN_NON_LITERAL_NULL_CONVERSION = YES;
				CLANG_WARN_OBJC_IMPLICIT_RETAIN_SELF = YES;
				CLANG_WARN_OBJC_LITERAL_CONVERSION = YES;
				CLANG_WARN_OBJC_ROOT_CLASS = YES_ERROR;
				CLANG_WARN_QUOTED_INCLUDE_IN_FRAMEWORK_HEADER = YES;
				CLANG_WARN_RANGE_LOOP_ANALYSIS = YES;
				CLANG_WARN_STRICT_PROTOTYPES = YES;
				CLANG_WARN_SUSPICIOUS_MOVE = YES;
				CLANG_WARN_UNGUARDED_AVAILABILITY = YES_AGGRESSIVE;
				CLANG_WARN_UNREACHABLE_CODE = YES;
				CLANG_WARN__DUPLICATE_METHOD_MATCH = YES;
				COPY_PHASE_STRIP = NO;
				DEBUG_INFORMATION_FORMAT = dwarf;
				DEVELOPMENT_TEAM = RP5GZ99V95;
				ENABLE_STRICT_OBJC_MSGSEND = YES;
				ENABLE_TESTABILITY = YES;
				ENABLE_USER_SCRIPT_SANDBOXING = YES;
				GCC_C_LANGUAGE_STANDARD = gnu17;
				GCC_DYNAMIC_NO_PIC = NO;
				GCC_NO_COMMON_BLOCKS = YES;
				GCC_OPTIMIZATION_LEVEL = 0;
				GCC_PREPROCESSOR_DEFINITIONS = (
					"DEBUG=1",
					"$(inherited)",
				);
				GCC_WARN_64_TO_32_BIT_CONVERSION = YES;
				GCC_WARN_ABOUT_RETURN_TYPE = YES_ERROR;
				GCC_WARN_UNDECLARED_SELECTOR = YES;
				GCC_WARN_UNINITIALIZED_AUTOS = YES_AGGRESSIVE;
				GCC_WARN_UNUSED_FUNCTION = YES;
				GCC_WARN_UNUSED_VARIABLE = YES;
				LOCALIZATION_PREFERS_STRING_CATALOGS = YES;
				MACOSX_DEPLOYMENT_TARGET = 15.5;
				MTL_ENABLE_DEBUG_INFO = INCLUDE_SOURCE;
				MTL_FAST_MATH = YES;
				ONLY_ACTIVE_ARCH = YES;
				SDKROOT = macosx;
				SWIFT_ACTIVE_COMPILATION_CONDITIONS = "DEBUG $(inherited)";
				SWIFT_OPTIMIZATION_LEVEL = "-Onone";
			};
			name = Debug;
		};
		C79EC3FC2E0E459E00B83088 /* Release */ = {
			isa = XCBuildConfiguration;
			buildSettings = {
				ALWAYS_SEARCH_USER_PATHS = NO;
				ASSETCATALOG_COMPILER_GENERATE_SWIFT_ASSET_SYMBOL_EXTENSIONS = YES;
				CLANG_ANALYZER_NONNULL = YES;
				CLANG_ANALYZER_NUMBER_OBJECT_CONVERSION = YES_AGGRESSIVE;
				CLANG_CXX_LANGUAGE_STANDARD = "gnu++20";
				CLANG_ENABLE_MODULES = YES;
				CLANG_ENABLE_OBJC_ARC = YES;
				CLANG_ENABLE_OBJC_WEAK = YES;
				CLANG_WARN_BLOCK_CAPTURE_AUTORELEASING = YES;
				CLANG_WARN_BOOL_CONVERSION = YES;
				CLANG_WARN_COMMA = YES;
				CLANG_WARN_CONSTANT_CONVERSION = YES;
				CLANG_WARN_DEPRECATED_OBJC_IMPLEMENTATIONS = YES;
				CLANG_WARN_DIRECT_OBJC_ISA_USAGE = YES_ERROR;
				CLANG_WARN_DOCUMENTATION_COMMENTS = YES;
				CLANG_WARN_EMPTY_BODY = YES;
				CLANG_WARN_ENUM_CONVERSION = YES;
				CLANG_WARN_INFINITE_RECURSION = YES;
				CLANG_WARN_INT_CONVERSION = YES;
				CLANG_WARN_NON_LITERAL_NULL_CONVERSION = YES;
				CLANG_WARN_OBJC_IMPLICIT_RETAIN_SELF = YES;
				CLANG_WARN_OBJC_LITERAL_CONVERSION = YES;
				CLANG_WARN_OBJC_ROOT_CLASS = YES_ERROR;
				CLANG_WARN_QUOTED_INCLUDE_IN_FRAMEWORK_HEADER = YES;
				CLANG_WARN_RANGE_LOOP_ANALYSIS = YES;
				CLANG_WARN_STRICT_PROTOTYPES = YES;
				CLANG_WARN_SUSPICIOUS_MOVE = YES;
				CLANG_WARN_UNGUARDED_AVAILABILITY = YES_AGGRESSIVE;
				CLANG_WARN_UNREACHABLE_CODE = YES;
				CLANG_WARN__DUPLICATE_METHOD_MATCH = YES;
				COPY_PHASE_STRIP = NO;
				DEBUG_INFORMATION_FORMAT = "dwarf-with-dsym";
				DEVELOPMENT_TEAM = RP5GZ99V95;
				ENABLE_NS_ASSERTIONS = NO;
				ENABLE_STRICT_OBJC_MSGSEND = YES;
				ENABLE_USER_SCRIPT_SANDBOXING = YES;
				GCC_C_LANGUAGE_STANDARD = gnu17;
				GCC_NO_COMMON_BLOCKS = YES;
				GCC_WARN_64_TO_32_BIT_CONVERSION = YES;
				GCC_WARN_ABOUT_RETURN_TYPE = YES_ERROR;
				GCC_WARN_UNDECLARED_SELECTOR = YES;
				GCC_WARN_UNINITIALIZED_AUTOS = YES_AGGRESSIVE;
				GCC_WARN_UNUSED_FUNCTION = YES;
				GCC_WARN_UNUSED_VARIABLE = YES;
				LOCALIZATION_PREFERS_STRING_CATALOGS = YES;
				MACOSX_DEPLOYMENT_TARGET = 15.5;
				MTL_ENABLE_DEBUG_INFO = NO;
				MTL_FAST_MATH = YES;
				SDKROOT = macosx;
				SWIFT_COMPILATION_MODE = wholemodule;
			};
			name = Release;
		};
		C79EC3FE2E0E459E00B83088 /* Debug */ = {
			isa = XCBuildConfiguration;
			buildSettings = {
				ASSETCATALOG_COMPILER_APPICON_NAME = AppIcon;
				ASSETCATALOG_COMPILER_GLOBAL_ACCENT_COLOR_NAME = AccentColor;
				CODE_SIGN_ENTITLEMENTS = ShareGo/ShareGo.entitlements;
				CODE_SIGN_STYLE = Automatic;
				COMBINE_HIDPI_IMAGES = YES;
				CURRENT_PROJECT_VERSION = 1;
				DEVELOPMENT_TEAM = RP5GZ99V95;
				ENABLE_HARDENED_RUNTIME = YES;
				ENABLE_PREVIEWS = YES;
				GENERATE_INFOPLIST_FILE = YES;
				INFOPLIST_KEY_CFBundleDisplayName = ShareGO;
				INFOPLIST_KEY_LSApplicationCategoryType = "public.app-category.productivity";
				INFOPLIST_KEY_NSHumanReadableCopyright = "";
				LD_RUNPATH_SEARCH_PATHS = (
					"$(inherited)",
					"@executable_path/../Frameworks",
				);
				MACOSX_DEPLOYMENT_TARGET = 13.5;
				MARKETING_VERSION = 1.0;
				PRODUCT_BUNDLE_IDENTIFIER = com.gojaehyun.fileGo;
				PRODUCT_NAME = "$(TARGET_NAME)";
				REGISTER_APP_GROUPS = YES;
				SWIFT_EMIT_LOC_STRINGS = YES;
				SWIFT_VERSION = 5.0;
			};
			name = Debug;
		};
		C79EC3FF2E0E459E00B83088 /* Release */ = {
			isa = XCBuildConfiguration;
			buildSettings = {
				ASSETCATALOG_COMPILER_APPICON_NAME = AppIcon;
				ASSETCATALOG_COMPILER_GLOBAL_ACCENT_COLOR_NAME = AccentColor;
				CODE_SIGN_ENTITLEMENTS = ShareGo/ShareGo.entitlements;
				CODE_SIGN_STYLE = Automatic;
				COMBINE_HIDPI_IMAGES = YES;
				CURRENT_PROJECT_VERSION = 1;
				DEVELOPMENT_TEAM = RP5GZ99V95;
				ENABLE_HARDENED_RUNTIME = YES;
				ENABLE_PREVIEWS = YES;
				GENERATE_INFOPLIST_FILE = YES;
				INFOPLIST_KEY_CFBundleDisplayName = ShareGO;
				INFOPLIST_KEY_LSApplicationCategoryType = "public.app-category.productivity";
				INFOPLIST_KEY_NSHumanReadableCopyright = "";
				LD_RUNPATH_SEARCH_PATHS = (
					"$(inherited)",
					"@executable_path/../Frameworks",
				);
				MACOSX_DEPLOYMENT_TARGET = 13.5;
				MARKETING_VERSION = 1.0;
				PRODUCT_BUNDLE_IDENTIFIER = com.gojaehyun.fileGo;
				PRODUCT_NAME = "$(TARGET_NAME)";
				REGISTER_APP_GROUPS = YES;
				SWIFT_EMIT_LOC_STRINGS = YES;
				SWIFT_VERSION = 5.0;
			};
			name = Release;
		};
		C79EC4012E0E459E00B83088 /* Debug */ = {
			isa = XCBuildConfiguration;
			buildSettings = {
				BUNDLE_LOADER = "$(TEST_HOST)";
				CODE_SIGN_STYLE = Automatic;
				CURRENT_PROJECT_VERSION = 1;
				DEVELOPMENT_TEAM = RP5GZ99V95;
				GENERATE_INFOPLIST_FILE = YES;
				MACOSX_DEPLOYMENT_TARGET = 15.5;
				MARKETING_VERSION = 1.0;
				PRODUCT_BUNDLE_IDENTIFIER = com.gojaehyun.fileGoTests;
				PRODUCT_NAME = "$(TARGET_NAME)";
				SWIFT_EMIT_LOC_STRINGS = NO;
				SWIFT_VERSION = 5.0;
				TEST_HOST = "$(BUILT_PRODUCTS_DIR)/ShareGo.app/$(BUNDLE_EXECUTABLE_FOLDER_PATH)/ShareGo";
			};
			name = Debug;
		};
		C79EC4022E0E459E00B83088 /* Release */ = {
			isa = XCBuildConfiguration;
			buildSettings = {
				BUNDLE_LOADER = "$(TEST_HOST)";
				CODE_SIGN_STYLE = Automatic;
				CURRENT_PROJECT_VERSION = 1;
				DEVELOPMENT_TEAM = RP5GZ99V95;
				GENERATE_INFOPLIST_FILE = YES;
				MACOSX_DEPLOYMENT_TARGET = 15.5;
				MARKETING_VERSION = 1.0;
				PRODUCT_BUNDLE_IDENTIFIER = com.gojaehyun.fileGoTests;
				PRODUCT_NAME = "$(TARGET_NAME)";
				SWIFT_EMIT_LOC_STRINGS = NO;
				SWIFT_VERSION = 5.0;
				TEST_HOST = "$(BUILT_PRODUCTS_DIR)/ShareGo.app/$(BUNDLE_EXECUTABLE_FOLDER_PATH)/ShareGo";
			};
			name = Release;
		};
		C79EC4042E0E459E00B83088 /* Debug */ = {
			isa = XCBuildConfiguration;
			buildSettings = {
				CODE_SIGN_STYLE = Automatic;
				CURRENT_PROJECT_VERSION = 1;
				DEVELOPMENT_TEAM = RP5GZ99V95;
				GENERATE_INFOPLIST_FILE = YES;
				MARKETING_VERSION = 1.0;
				PRODUCT_BUNDLE_IDENTIFIER = com.gojaehyun.fileGoUITests;
				PRODUCT_NAME = "$(TARGET_NAME)";
				SWIFT_EMIT_LOC_STRINGS = NO;
				SWIFT_VERSION = 5.0;
				TEST_TARGET_NAME = ShareGo;
			};
			name = Debug;
		};
		C79EC4052E0E459E00B83088 /* Release */ = {
			isa = XCBuildConfiguration;
			buildSettings = {
				CODE_SIGN_STYLE = Automatic;
				CURRENT_PROJECT_VERSION = 1;
				DEVELOPMENT_TEAM = RP5GZ99V95;
				GENERATE_INFOPLIST_FILE = YES;
				MARKETING_VERSION = 1.0;
				PRODUCT_BUNDLE_IDENTIFIER = com.gojaehyun.fileGoUITests;
				PRODUCT_NAME = "$(TARGET_NAME)";
				SWIFT_EMIT_LOC_STRINGS = NO;
				SWIFT_VERSION = 5.0;
				TEST_TARGET_NAME = ShareGo;
			};
			name = Release;
		};
/* End XCBuildConfiguration section */

/* Begin XCConfigurationList section */
		C79EC3D62E0E459D00B83088 /* Build configuration list for PBXProject "ShareGo" */ = {
			isa = XCConfigurationList;
			buildConfigurations = (
				C79EC3FB2E0E459E00B83088 /* Debug */,
				C79EC3FC2E0E459E00B83088 /* Release */,
			);
			defaultConfigurationIsVisible = 0;
			defaultConfigurationName = Release;
		};
		C79EC3FD2E0E459E00B83088 /* Build configuration list for PBXNativeTarget "ShareGo" */ = {
			isa = XCConfigurationList;
			buildConfigurations = (
				C79EC3FE2E0E459E00B83088 /* Debug */,
				C79EC3FF2E0E459E00B83088 /* Release */,
			);
			defaultConfigurationIsVisible = 0;
			defaultConfigurationName = Release;
		};
		C79EC4002E0E459E00B83088 /* Build configuration list for PBXNativeTarget "ShareGoTests" */ = {
			isa = XCConfigurationList;
			buildConfigurations = (
				C79EC4012E0E459E00B83088 /* Debug */,
				C79EC4022E0E459E00B83088 /* Release */,
			);
			defaultConfigurationIsVisible = 0;
			defaultConfigurationName = Release;
		};
		C79EC4032E0E459E00B83088 /* Build configuration list for PBXNativeTarget "ShareGoUITests" */ = {
			isa = XCConfigurationList;
			buildConfigurations = (
				C79EC4042E0E459E00B83088 /* Debug */,
				C79EC4052E0E459E00B83088 /* Release */,
			);
			defaultConfigurationIsVisible = 0;
			defaultConfigurationName = Release;
		};
/* End XCConfigurationList section */

/* Begin XCRemoteSwiftPackageReference section */
		C79EC4122E0E476700B83088 /* XCRemoteSwiftPackageReference "HotKey" */ = {
			isa = XCRemoteSwiftPackageReference;
			repositoryURL = "https://github.com/soffes/HotKey";
			requirement = {
				branch = main;
				kind = branch;
			};
		};
		C79EC4152E0E477D00B83088 /* XCRemoteSwiftPackageReference "KeyboardShortcuts" */ = {
			isa = XCRemoteSwiftPackageReference;
			repositoryURL = "https://github.com/sindresorhus/KeyboardShortcuts";
			requirement = {
				kind = upToNextMajorVersion;
				minimumVersion = 2.3.0;
			};
		};
/* End XCRemoteSwiftPackageReference section */

/* Begin XCSwiftPackageProductDependency section */
		C79EC4132E0E476700B83088 /* HotKey */ = {
			isa = XCSwiftPackageProductDependency;
			package = C79EC4122E0E476700B83088 /* XCRemoteSwiftPackageReference "HotKey" */;
			productName = HotKey;
		};
		C79EC4162E0E477D00B83088 /* KeyboardShortcuts */ = {
			isa = XCSwiftPackageProductDependency;
			package = C79EC4152E0E477D00B83088 /* XCRemoteSwiftPackageReference "KeyboardShortcuts" */;
			productName = KeyboardShortcuts;
		};
/* End XCSwiftPackageProductDependency section */
	};
	rootObject = C79EC3D32E0E459D00B83088 /* Project object */;
}
