// !$*UTF8*$!
{
	archiveVersion = 1;
	classes = {
	};
	objectVersion = 77;
	objects = {

/* Begin PBXBuildFile section */
		C7EBFE7D2E0A7F31005BAB1C /* HotKey in Frameworks */ = {isa = PBXBuildFile; productRef = C7EBFE7C2E0A7F31005BAB1C /* HotKey */; };
		C7EBFE802E0A7F57005BAB1C /* KeyboardShortcuts in Frameworks */ = {isa = PBXBuildFile; productRef = C7EBFE7F2E0A7F57005BAB1C /* KeyboardShortcuts */; };
/* End PBXBuildFile section */

/* Begin PBXContainerItemProxy section */
		C7EBFE4C2E0A7E88005BAB1C /* PBXContainerItemProxy */ = {
			isa = PBXContainerItemProxy;
			containerPortal = C7EBFE352E0A7E87005BAB1C /* Project object */;
			proxyType = 1;
			remoteGlobalIDString = C7EBFE3C2E0A7E87005BAB1C;
			remoteInfo = fileGo;
		};
		C7EBFE562E0A7E88005BAB1C /* PBXContainerItemProxy */ = {
			isa = PBXContainerItemProxy;
			containerPortal = C7EBFE352E0A7E87005BAB1C /* Project object */;
			proxyType = 1;
			remoteGlobalIDString = C7EBFE3C2E0A7E87005BAB1C;
			remoteInfo = fileGo;
		};
/* End PBXContainerItemProxy section */

/* Begin PBXFileReference section */
		C7EBFE3D2E0A7E87005BAB1C /* fileGo.app */ = {isa = PBXFileReference; explicitFileType = wrapper.application; includeInIndex = 0; path = fileGo.app; sourceTree = BUILT_PRODUCTS_DIR; };
		C7EBFE4B2E0A7E88005BAB1C /* fileGoTests.xctest */ = {isa = PBXFileReference; explicitFileType = wrapper.cfbundle; includeInIndex = 0; path = fileGoTests.xctest; sourceTree = BUILT_PRODUCTS_DIR; };
		C7EBFE552E0A7E88005BAB1C /* fileGoUITests.xctest */ = {isa = PBXFileReference; explicitFileType = wrapper.cfbundle; includeInIndex = 0; path = fileGoUITests.xctest; sourceTree = BUILT_PRODUCTS_DIR; };
/* End PBXFileReference section */

/* Begin PBXFileSystemSynchronizedRootGroup section */
		C7EBFE3F2E0A7E87005BAB1C /* fileGo */ = {
			isa = PBXFileSystemSynchronizedRootGroup;
			path = fileGo;
			sourceTree = "<group>";
		};
		C7EBFE4E2E0A7E88005BAB1C /* fileGoTests */ = {
			isa = PBXFileSystemSynchronizedRootGroup;
			path = fileGoTests;
			sourceTree = "<group>";
		};
		C7EBFE582E0A7E88005BAB1C /* fileGoUITests */ = {
			isa = PBXFileSystemSynchronizedRootGroup;
			path = fileGoUITests;
			sourceTree = "<group>";
		};
/* End PBXFileSystemSynchronizedRootGroup section */

/* Begin PBXFrameworksBuildPhase section */
		C7EBFE3A2E0A7E87005BAB1C /* Frameworks */ = {
			isa = PBXFrameworksBuildPhase;
			buildActionMask = 2147483647;
			files = (
				C7EBFE7D2E0A7F31005BAB1C /* HotKey in Frameworks */,
				C7EBFE802E0A7F57005BAB1C /* KeyboardShortcuts in Frameworks */,
			);
			runOnlyForDeploymentPostprocessing = 0;
		};
		C7EBFE482E0A7E88005BAB1C /* Frameworks */ = {
			isa = PBXFrameworksBuildPhase;
			buildActionMask = 2147483647;
			files = (
			);
			runOnlyForDeploymentPostprocessing = 0;
		};
		C7EBFE522E0A7E88005BAB1C /* Frameworks */ = {
			isa = PBXFrameworksBuildPhase;
			buildActionMask = 2147483647;
			files = (
			);
			runOnlyForDeploymentPostprocessing = 0;
		};
/* End PBXFrameworksBuildPhase section */

/* Begin PBXGroup section */
		C7EBFE342E0A7E87005BAB1C = {
			isa = PBXGroup;
			children = (
				C7EBFE3F2E0A7E87005BAB1C /* fileGo */,
				C7EBFE4E2E0A7E88005BAB1C /* fileGoTests */,
				C7EBFE582E0A7E88005BAB1C /* fileGoUITests */,
				C7EBFE3E2E0A7E87005BAB1C /* Products */,
			);
			sourceTree = "<group>";
		};
		C7EBFE3E2E0A7E87005BAB1C /* Products */ = {
			isa = PBXGroup;
			children = (
				C7EBFE3D2E0A7E87005BAB1C /* fileGo.app */,
				C7EBFE4B2E0A7E88005BAB1C /* fileGoTests.xctest */,
				C7EBFE552E0A7E88005BAB1C /* fileGoUITests.xctest */,
			);
			name = Products;
			sourceTree = "<group>";
		};
/* End PBXGroup section */

/* Begin PBXNativeTarget section */
		C7EBFE3C2E0A7E87005BAB1C /* fileGo */ = {
			isa = PBXNativeTarget;
			buildConfigurationList = C7EBFE5F2E0A7E88005BAB1C /* Build configuration list for PBXNativeTarget "fileGo" */;
			buildPhases = (
				C7EBFE392E0A7E87005BAB1C /* Sources */,
				C7EBFE3A2E0A7E87005BAB1C /* Frameworks */,
				C7EBFE3B2E0A7E87005BAB1C /* Resources */,
			);
			buildRules = (
			);
			dependencies = (
			);
			fileSystemSynchronizedGroups = (
				C7EBFE3F2E0A7E87005BAB1C /* fileGo */,
			);
			name = fileGo;
			packageProductDependencies = (
				C7EBFE7C2E0A7F31005BAB1C /* HotKey */,
				C7EBFE7F2E0A7F57005BAB1C /* KeyboardShortcuts */,
			);
			productName = fileGo;
			productReference = C7EBFE3D2E0A7E87005BAB1C /* fileGo.app */;
			productType = "com.apple.product-type.application";
		};
		C7EBFE4A2E0A7E88005BAB1C /* fileGoTests */ = {
			isa = PBXNativeTarget;
			buildConfigurationList = C7EBFE622E0A7E88005BAB1C /* Build configuration list for PBXNativeTarget "fileGoTests" */;
			buildPhases = (
				C7EBFE472E0A7E88005BAB1C /* Sources */,
				C7EBFE482E0A7E88005BAB1C /* Frameworks */,
				C7EBFE492E0A7E88005BAB1C /* Resources */,
			);
			buildRules = (
			);
			dependencies = (
				C7EBFE4D2E0A7E88005BAB1C /* PBXTargetDependency */,
			);
			fileSystemSynchronizedGroups = (
				C7EBFE4E2E0A7E88005BAB1C /* fileGoTests */,
			);
			name = fileGoTests;
			packageProductDependencies = (
			);
			productName = fileGoTests;
			productReference = C7EBFE4B2E0A7E88005BAB1C /* fileGoTests.xctest */;
			productType = "com.apple.product-type.bundle.unit-test";
		};
		C7EBFE542E0A7E88005BAB1C /* fileGoUITests */ = {
			isa = PBXNativeTarget;
			buildConfigurationList = C7EBFE652E0A7E88005BAB1C /* Build configuration list for PBXNativeTarget "fileGoUITests" */;
			buildPhases = (
				C7EBFE512E0A7E88005BAB1C /* Sources */,
				C7EBFE522E0A7E88005BAB1C /* Frameworks */,
				C7EBFE532E0A7E88005BAB1C /* Resources */,
			);
			buildRules = (
			);
			dependencies = (
				C7EBFE572E0A7E88005BAB1C /* PBXTargetDependency */,
			);
			fileSystemSynchronizedGroups = (
				C7EBFE582E0A7E88005BAB1C /* fileGoUITests */,
			);
			name = fileGoUITests;
			packageProductDependencies = (
			);
			productName = fileGoUITests;
			productReference = C7EBFE552E0A7E88005BAB1C /* fileGoUITests.xctest */;
			productType = "com.apple.product-type.bundle.ui-testing";
		};
/* End PBXNativeTarget section */

/* Begin PBXProject section */
		C7EBFE352E0A7E87005BAB1C /* Project object */ = {
			isa = PBXProject;
			attributes = {
				BuildIndependentTargetsInParallel = 1;
				LastSwiftUpdateCheck = 1640;
				LastUpgradeCheck = 1640;
				TargetAttributes = {
					C7EBFE3C2E0A7E87005BAB1C = {
						CreatedOnToolsVersion = 16.4;
					};
					C7EBFE4A2E0A7E88005BAB1C = {
						CreatedOnToolsVersion = 16.4;
						TestTargetID = C7EBFE3C2E0A7E87005BAB1C;
					};
					C7EBFE542E0A7E88005BAB1C = {
						CreatedOnToolsVersion = 16.4;
						TestTargetID = C7EBFE3C2E0A7E87005BAB1C;
					};
				};
			};
			buildConfigurationList = C7EBFE382E0A7E87005BAB1C /* Build configuration list for PBXProject "fileGo" */;
			developmentRegion = en;
			hasScannedForEncodings = 0;
			knownRegions = (
				en,
				Base,
			);
			mainGroup = C7EBFE342E0A7E87005BAB1C;
			minimizedProjectReferenceProxies = 1;
			packageReferences = (
				C7EBFE7B2E0A7F31005BAB1C /* XCRemoteSwiftPackageReference "HotKey" */,
				C7EBFE7E2E0A7F57005BAB1C /* XCRemoteSwiftPackageReference "KeyboardShortcuts" */,
			);
			preferredProjectObjectVersion = 77;
			productRefGroup = C7EBFE3E2E0A7E87005BAB1C /* Products */;
			projectDirPath = "";
			projectRoot = "";
			targets = (
				C7EBFE3C2E0A7E87005BAB1C /* fileGo */,
				C7EBFE4A2E0A7E88005BAB1C /* fileGoTests */,
				C7EBFE542E0A7E88005BAB1C /* fileGoUITests */,
			);
		};
/* End PBXProject section */

/* Begin PBXResourcesBuildPhase section */
		C7EBFE3B2E0A7E87005BAB1C /* Resources */ = {
			isa = PBXResourcesBuildPhase;
			buildActionMask = 2147483647;
			files = (
			);
			runOnlyForDeploymentPostprocessing = 0;
		};
		C7EBFE492E0A7E88005BAB1C /* Resources */ = {
			isa = PBXResourcesBuildPhase;
			buildActionMask = 2147483647;
			files = (
			);
			runOnlyForDeploymentPostprocessing = 0;
		};
		C7EBFE532E0A7E88005BAB1C /* Resources */ = {
			isa = PBXResourcesBuildPhase;
			buildActionMask = 2147483647;
			files = (
			);
			runOnlyForDeploymentPostprocessing = 0;
		};
/* End PBXResourcesBuildPhase section */

/* Begin PBXSourcesBuildPhase section */
		C7EBFE392E0A7E87005BAB1C /* Sources */ = {
			isa = PBXSourcesBuildPhase;
			buildActionMask = 2147483647;
			files = (
			);
			runOnlyForDeploymentPostprocessing = 0;
		};
		C7EBFE472E0A7E88005BAB1C /* Sources */ = {
			isa = PBXSourcesBuildPhase;
			buildActionMask = 2147483647;
			files = (
			);
			runOnlyForDeploymentPostprocessing = 0;
		};
		C7EBFE512E0A7E88005BAB1C /* Sources */ = {
			isa = PBXSourcesBuildPhase;
			buildActionMask = 2147483647;
			files = (
			);
			runOnlyForDeploymentPostprocessing = 0;
		};
/* End PBXSourcesBuildPhase section */

/* Begin PBXTargetDependency section */
		C7EBFE4D2E0A7E88005BAB1C /* PBXTargetDependency */ = {
			isa = PBXTargetDependency;
			target = C7EBFE3C2E0A7E87005BAB1C /* fileGo */;
			targetProxy = C7EBFE4C2E0A7E88005BAB1C /* PBXContainerItemProxy */;
		};
		C7EBFE572E0A7E88005BAB1C /* PBXTargetDependency */ = {
			isa = PBXTargetDependency;
			target = C7EBFE3C2E0A7E87005BAB1C /* fileGo */;
			targetProxy = C7EBFE562E0A7E88005BAB1C /* PBXContainerItemProxy */;
		};
/* End PBXTargetDependency section */

/* Begin XCBuildConfiguration section */
		C7EBFE5D2E0A7E88005BAB1C /* Debug */ = {
			isa = XCBuildConfiguration;
			buildSettings = {
				ALWAYS_SEARCH_USER_PATHS = NO;
				ASSETCATALOG_COMPILER_GENERATE_SWIFT_ASSET_SYMBOL_EXTENSIONS = YES;
				CLANG_ANALYZER_NONNULL = YES;
				CLANG_ANALYZER_NUMBER_OBJECT_CONVERSION = YES_AGGRESSIVE;
				CLANG_CXX_LANGUAGE_STANDARD = "gnu++20";
				CLANG_ENABLE_MODULES = YES;
				CLANG_ENABLE_OBJC_ARC = YES;
				CLANG_ENABLE_OBJC_WEAK = YES;
				CLANG_WARN_BLOCK_CAPTURE_AUTORELEASING = YES;
				CLANG_WARN_BOOL_CONVERSION = YES;
				CLANG_WARN_COMMA = YES;
				CLANG_WARN_CONSTANT_CONVERSION = YES;
				CLANG_WARN_DEPRECATED_OBJC_IMPLEMENTATIONS = YES;
				CLANG_WARN_DIRECT_OBJC_ISA_USAGE = YES_ERROR;
				CLANG_WARN_DOCUMENTATION_COMMENTS = YES;
				CLANG_WARN_EMPTY_BODY = YES;
				CLANG_WARN_ENUM_CONVERSION = YES;
				CLANG_WARN_INFINITE_RECURSION = YES;
				CLANG_WARN_INT_CONVERSION = YES;
				CLANG_WARN_NON_LITERAL_NULL_CONVERSION = YES;
				CLANG_WARN_OBJC_IMPLICIT_RETAIN_SELF = YES;
				CLANG_WARN_OBJC_LITERAL_CONVERSION = YES;
				CLANG_WARN_OBJC_ROOT_CLASS = YES_ERROR;
				CLANG_WARN_QUOTED_INCLUDE_IN_FRAMEWORK_HEADER = YES;
				CLANG_WARN_RANGE_LOOP_ANALYSIS = YES;
				CLANG_WARN_STRICT_PROTOTYPES = YES;
				CLANG_WARN_SUSPICIOUS_MOVE = YES;
				CLANG_WARN_UNGUARDED_AVAILABILITY = YES_AGGRESSIVE;
				CLANG_WARN_UNREACHABLE_CODE = YES;
				CLANG_WARN__DUPLICATE_METHOD_MATCH = YES;
				COPY_PHASE_STRIP = NO;
				DEBUG_INFORMATION_FORMAT = dwarf;
				DEVELOPMENT_TEAM = RP5GZ99V95;
				ENABLE_STRICT_OBJC_MSGSEND = YES;
				ENABLE_TESTABILITY = YES;
				ENABLE_USER_SCRIPT_SANDBOXING = YES;
				GCC_C_LANGUAGE_STANDARD = gnu17;
				GCC_DYNAMIC_NO_PIC = NO;
				GCC_NO_COMMON_BLOCKS = YES;
				GCC_OPTIMIZATION_LEVEL = 0;
				GCC_PREPROCESSOR_DEFINITIONS = (
					"DEBUG=1",
					"$(inherited)",
				);
				GCC_WARN_64_TO_32_BIT_CONVERSION = YES;
				GCC_WARN_ABOUT_RETURN_TYPE = YES_ERROR;
				GCC_WARN_UNDECLARED_SELECTOR = YES;
				GCC_WARN_UNINITIALIZED_AUTOS = YES_AGGRESSIVE;
				GCC_WARN_UNUSED_FUNCTION = YES;
				GCC_WARN_UNUSED_VARIABLE = YES;
				LOCALIZATION_PREFERS_STRING_CATALOGS = YES;
				MACOSX_DEPLOYMENT_TARGET = 15.5;
				MTL_ENABLE_DEBUG_INFO = INCLUDE_SOURCE;
				MTL_FAST_MATH = YES;
				ONLY_ACTIVE_ARCH = YES;
				SDKROOT = macosx;
				SWIFT_ACTIVE_COMPILATION_CONDITIONS = "DEBUG $(inherited)";
				SWIFT_OPTIMIZATION_LEVEL = "-Onone";
			};
			name = Debug;
		};
		C7EBFE5E2E0A7E88005BAB1C /* Release */ = {
			isa = XCBuildConfiguration;
			buildSettings = {
				ALWAYS_SEARCH_USER_PATHS = NO;
				ASSETCATALOG_COMPILER_GENERATE_SWIFT_ASSET_SYMBOL_EXTENSIONS = YES;
				CLANG_ANALYZER_NONNULL = YES;
				CLANG_ANALYZER_NUMBER_OBJECT_CONVERSION = YES_AGGRESSIVE;
				CLANG_CXX_LANGUAGE_STANDARD = "gnu++20";
				CLANG_ENABLE_MODULES = YES;
				CLANG_ENABLE_OBJC_ARC = YES;
				CLANG_ENABLE_OBJC_WEAK = YES;
				CLANG_WARN_BLOCK_CAPTURE_AUTORELEASING = YES;
				CLANG_WARN_BOOL_CONVERSION = YES;
				CLANG_WARN_COMMA = YES;
				CLANG_WARN_CONSTANT_CONVERSION = YES;
				CLANG_WARN_DEPRECATED_OBJC_IMPLEMENTATIONS = YES;
				CLANG_WARN_DIRECT_OBJC_ISA_USAGE = YES_ERROR;
				CLANG_WARN_DOCUMENTATION_COMMENTS = YES;
				CLANG_WARN_EMPTY_BODY = YES;
				CLANG_WARN_ENUM_CONVERSION = YES;
				CLANG_WARN_INFINITE_RECURSION = YES;
				CLANG_WARN_INT_CONVERSION = YES;
				CLANG_WARN_NON_LITERAL_NULL_CONVERSION = YES;
				CLANG_WARN_OBJC_IMPLICIT_RETAIN_SELF = YES;
				CLANG_WARN_OBJC_LITERAL_CONVERSION = YES;
				CLANG_WARN_OBJC_ROOT_CLASS = YES_ERROR;
				CLANG_WARN_QUOTED_INCLUDE_IN_FRAMEWORK_HEADER = YES;
				CLANG_WARN_RANGE_LOOP_ANALYSIS = YES;
				CLANG_WARN_STRICT_PROTOTYPES = YES;
				CLANG_WARN_SUSPICIOUS_MOVE = YES;
				CLANG_WARN_UNGUARDED_AVAILABILITY = YES_AGGRESSIVE;
				CLANG_WARN_UNREACHABLE_CODE = YES;
				CLANG_WARN__DUPLICATE_METHOD_MATCH = YES;
				COPY_PHASE_STRIP = NO;
				DEBUG_INFORMATION_FORMAT = "dwarf-with-dsym";
				DEVELOPMENT_TEAM = RP5GZ99V95;
				ENABLE_NS_ASSERTIONS = NO;
				ENABLE_STRICT_OBJC_MSGSEND = YES;
				ENABLE_USER_SCRIPT_SANDBOXING = YES;
				GCC_C_LANGUAGE_STANDARD = gnu17;
				GCC_NO_COMMON_BLOCKS = YES;
				GCC_WARN_64_TO_32_BIT_CONVERSION = YES;
				GCC_WARN_ABOUT_RETURN_TYPE = YES_ERROR;
				GCC_WARN_UNDECLARED_SELECTOR = YES;
				GCC_WARN_UNINITIALIZED_AUTOS = YES_AGGRESSIVE;
				GCC_WARN_UNUSED_FUNCTION = YES;
				GCC_WARN_UNUSED_VARIABLE = YES;
				LOCALIZATION_PREFERS_STRING_CATALOGS = YES;
				MACOSX_DEPLOYMENT_TARGET = 15.5;
				MTL_ENABLE_DEBUG_INFO = NO;
				MTL_FAST_MATH = YES;
				SDKROOT = macosx;
				SWIFT_COMPILATION_MODE = wholemodule;
			};
			name = Release;
		};
		C7EBFE602E0A7E88005BAB1C /* Debug */ = {
			isa = XCBuildConfiguration;
			buildSettings = {
				ASSETCATALOG_COMPILER_APPICON_NAME = AppIcon;
				ASSETCATALOG_COMPILER_GLOBAL_ACCENT_COLOR_NAME = AccentColor;
				CODE_SIGN_ENTITLEMENTS = fileGo/fileGo.entitlements;
				CODE_SIGN_STYLE = Automatic;
				COMBINE_HIDPI_IMAGES = YES;
				CURRENT_PROJECT_VERSION = 1;
				DEVELOPMENT_TEAM = RP5GZ99V95;
				ENABLE_HARDENED_RUNTIME = YES;
				ENABLE_PREVIEWS = YES;
				GENERATE_INFOPLIST_FILE = YES;
				INFOPLIST_KEY_NSHumanReadableCopyright = "";
				LD_RUNPATH_SEARCH_PATHS = (
					"$(inherited)",
					"@executable_path/../Frameworks",
				);
				MARKETING_VERSION = 1.0;
				PRODUCT_BUNDLE_IDENTIFIER = com.gojaehyun.fileGo;
				PRODUCT_NAME = "$(TARGET_NAME)";
				REGISTER_APP_GROUPS = YES;
				SWIFT_EMIT_LOC_STRINGS = YES;
				SWIFT_VERSION = 5.0;
			};
			name = Debug;
		};
		C7EBFE612E0A7E88005BAB1C /* Release */ = {
			isa = XCBuildConfiguration;
			buildSettings = {
				ASSETCATALOG_COMPILER_APPICON_NAME = AppIcon;
				ASSETCATALOG_COMPILER_GLOBAL_ACCENT_COLOR_NAME = AccentColor;
				CODE_SIGN_ENTITLEMENTS = fileGo/fileGo.entitlements;
				CODE_SIGN_STYLE = Automatic;
				COMBINE_HIDPI_IMAGES = YES;
				CURRENT_PROJECT_VERSION = 1;
				DEVELOPMENT_TEAM = RP5GZ99V95;
				ENABLE_HARDENED_RUNTIME = YES;
				ENABLE_PREVIEWS = YES;
				GENERATE_INFOPLIST_FILE = YES;
				INFOPLIST_KEY_NSHumanReadableCopyright = "";
				LD_RUNPATH_SEARCH_PATHS = (
					"$(inherited)",
					"@executable_path/../Frameworks",
				);
				MARKETING_VERSION = 1.0;
				PRODUCT_BUNDLE_IDENTIFIER = com.gojaehyun.fileGo;
				PRODUCT_NAME = "$(TARGET_NAME)";
				REGISTER_APP_GROUPS = YES;
				SWIFT_EMIT_LOC_STRINGS = YES;
				SWIFT_VERSION = 5.0;
			};
			name = Release;
		};
		C7EBFE632E0A7E88005BAB1C /* Debug */ = {
			isa = XCBuildConfiguration;
			buildSettings = {
				BUNDLE_LOADER = "$(TEST_HOST)";
				CODE_SIGN_STYLE = Automatic;
				CURRENT_PROJECT_VERSION = 1;
				DEVELOPMENT_TEAM = RP5GZ99V95;
				GENERATE_INFOPLIST_FILE = YES;
				MACOSX_DEPLOYMENT_TARGET = 15.5;
				MARKETING_VERSION = 1.0;
				PRODUCT_BUNDLE_IDENTIFIER = com.gojaehyun.fileGoTests;
				PRODUCT_NAME = "$(TARGET_NAME)";
				SWIFT_EMIT_LOC_STRINGS = NO;
				SWIFT_VERSION = 5.0;
				TEST_HOST = "$(BUILT_PRODUCTS_DIR)/fileGo.app/$(BUNDLE_EXECUTABLE_FOLDER_PATH)/fileGo";
			};
			name = Debug;
		};
		C7EBFE642E0A7E88005BAB1C /* Release */ = {
			isa = XCBuildConfiguration;
			buildSettings = {
				BUNDLE_LOADER = "$(TEST_HOST)";
				CODE_SIGN_STYLE = Automatic;
				CURRENT_PROJECT_VERSION = 1;
				DEVELOPMENT_TEAM = RP5GZ99V95;
				GENERATE_INFOPLIST_FILE = YES;
				MACOSX_DEPLOYMENT_TARGET = 15.5;
				MARKETING_VERSION = 1.0;
				PRODUCT_BUNDLE_IDENTIFIER = com.gojaehyun.fileGoTests;
				PRODUCT_NAME = "$(TARGET_NAME)";
				SWIFT_EMIT_LOC_STRINGS = NO;
				SWIFT_VERSION = 5.0;
				TEST_HOST = "$(BUILT_PRODUCTS_DIR)/fileGo.app/$(BUNDLE_EXECUTABLE_FOLDER_PATH)/fileGo";
			};
			name = Release;
		};
		C7EBFE662E0A7E88005BAB1C /* Debug */ = {
			isa = XCBuildConfiguration;
			buildSettings = {
				CODE_SIGN_STYLE = Automatic;
				CURRENT_PROJECT_VERSION = 1;
				DEVELOPMENT_TEAM = RP5GZ99V95;
				GENERATE_INFOPLIST_FILE = YES;
				MARKETING_VERSION = 1.0;
				PRODUCT_BUNDLE_IDENTIFIER = com.gojaehyun.fileGoUITests;
				PRODUCT_NAME = "$(TARGET_NAME)";
				SWIFT_EMIT_LOC_STRINGS = NO;
				SWIFT_VERSION = 5.0;
				TEST_TARGET_NAME = fileGo;
			};
			name = Debug;
		};
		C7EBFE672E0A7E88005BAB1C /* Release */ = {
			isa = XCBuildConfiguration;
			buildSettings = {
				CODE_SIGN_STYLE = Automatic;
				CURRENT_PROJECT_VERSION = 1;
				DEVELOPMENT_TEAM = RP5GZ99V95;
				GENERATE_INFOPLIST_FILE = YES;
				MARKETING_VERSION = 1.0;
				PRODUCT_BUNDLE_IDENTIFIER = com.gojaehyun.fileGoUITests;
				PRODUCT_NAME = "$(TARGET_NAME)";
				SWIFT_EMIT_LOC_STRINGS = NO;
				SWIFT_VERSION = 5.0;
				TEST_TARGET_NAME = fileGo;
			};
			name = Release;
		};
/* End XCBuildConfiguration section */

/* Begin XCConfigurationList section */
		C7EBFE382E0A7E87005BAB1C /* Build configuration list for PBXProject "fileGo" */ = {
			isa = XCConfigurationList;
			buildConfigurations = (
				C7EBFE5D2E0A7E88005BAB1C /* Debug */,
				C7EBFE5E2E0A7E88005BAB1C /* Release */,
			);
			defaultConfigurationIsVisible = 0;
			defaultConfigurationName = Release;
		};
		C7EBFE5F2E0A7E88005BAB1C /* Build configuration list for PBXNativeTarget "fileGo" */ = {
			isa = XCConfigurationList;
			buildConfigurations = (
				C7EBFE602E0A7E88005BAB1C /* Debug */,
				C7EBFE612E0A7E88005BAB1C /* Release */,
			);
			defaultConfigurationIsVisible = 0;
			defaultConfigurationName = Release;
		};
		C7EBFE622E0A7E88005BAB1C /* Build configuration list for PBXNativeTarget "fileGoTests" */ = {
			isa = XCConfigurationList;
			buildConfigurations = (
				C7EBFE632E0A7E88005BAB1C /* Debug */,
				C7EBFE642E0A7E88005BAB1C /* Release */,
			);
			defaultConfigurationIsVisible = 0;
			defaultConfigurationName = Release;
		};
		C7EBFE652E0A7E88005BAB1C /* Build configuration list for PBXNativeTarget "fileGoUITests" */ = {
			isa = XCConfigurationList;
			buildConfigurations = (
				C7EBFE662E0A7E88005BAB1C /* Debug */,
				C7EBFE672E0A7E88005BAB1C /* Release */,
			);
			defaultConfigurationIsVisible = 0;
			defaultConfigurationName = Release;
		};
/* End XCConfigurationList section */

/* Begin XCRemoteSwiftPackageReference section */
		C7EBFE7B2E0A7F31005BAB1C /* XCRemoteSwiftPackageReference "HotKey" */ = {
			isa = XCRemoteSwiftPackageReference;
			repositoryURL = "https://github.com/soffes/HotKey";
			requirement = {
				branch = main;
				kind = branch;
			};
		};
		C7EBFE7E2E0A7F57005BAB1C /* XCRemoteSwiftPackageReference "KeyboardShortcuts" */ = {
			isa = XCRemoteSwiftPackageReference;
			repositoryURL = "https://github.com/sindresorhus/KeyboardShortcuts";
			requirement = {
				kind = upToNextMajorVersion;
				minimumVersion = 2.3.0;
			};
		};
/* End XCRemoteSwiftPackageReference section */

/* Begin XCSwiftPackageProductDependency section */
		C7EBFE7C2E0A7F31005BAB1C /* HotKey */ = {
			isa = XCSwiftPackageProductDependency;
			package = C7EBFE7B2E0A7F31005BAB1C /* XCRemoteSwiftPackageReference "HotKey" */;
			productName = HotKey;
		};
		C7EBFE7F2E0A7F57005BAB1C /* KeyboardShortcuts */ = {
			isa = XCSwiftPackageProductDependency;
			package = C7EBFE7E2E0A7F57005BAB1C /* XCRemoteSwiftPackageReference "KeyboardShortcuts" */;
			productName = KeyboardShortcuts;
		};
/* End XCSwiftPackageProductDependency section */
	};
	rootObject = C7EBFE352E0A7E87005BAB1C /* Project object */;
}
